PODS:
  - Alamofire (4.9.1)
  - SwiftLint (0.45.1)

DEPENDENCIES:
  - Alamofire
  - SwiftLint

SPEC REPOS:
  https://github.com/CocoaPods/Specs.git:
    - Alamofire
    - SwiftLint

SPEC CHECKSUMS:
  Alamofire: 85e8a02c69d6020a0d734f6054870d7ecb75cf18
  SwiftLint: 06ac37e4d38c7068e0935bb30cda95f093bec761

PODFILE CHECKSUM: 536202fd514781a3188d52bb032dbc7d30866d6e

COCOAPODS: 1.11.2
