<?xml version="1.0" encoding="UTF-8"?>
<Scheme
   LastUpgradeVersion = "1330"
   version = "1.7">
   <BuildAction
      parallelizeBuildables = "YES"
      buildImplicitDependencies = "YES">
      <BuildActionEntries>
         <BuildActionEntry
            buildForTesting = "YES"
            buildForRunning = "YES"
            buildForProfiling = "YES"
            buildForArchiving = "YES"
            buildForAnalyzing = "YES">
            <BuildableReference
               BuildableIdentifier = "primary"
               BlueprintIdentifier = "4DA25DEC2868D75F0073A6E6"
               BuildableName = "UnitAndUITestApp.app"
               BlueprintName = "UnitAndUITestApp"
               ReferencedContainer = "container:UnitAndUITestApp.xcodeproj">
            </BuildableReference>
         </BuildActionEntry>
      </BuildActionEntries>
   </BuildAction>
   <TestAction
      buildConfiguration = "Debug"
      selectedDebuggerIdentifier = "Xcode.DebuggerFoundation.Debugger.LLDB"
      selectedLauncherIdentifier = "Xcode.DebuggerFoundation.Launcher.LLDB"
      shouldUseLaunchSchemeArgsEnv = "YES"
      codeCoverageEnabled = "YES">
      <TestPlans>
         <TestPlanReference
            reference = "container:UnitAndUITestAppUITests/UnitAndUITestAppUITestPlan.xctestplan">
         </TestPlanReference>
         <TestPlanReference
            reference = "container:UnitAndUITestAppTests/UnitAndUITestAppUnitTestPlan.xctestplan">
         </TestPlanReference>
         <TestPlanReference
            reference = "container:MainTestPlan.xctestplan"
            default = "YES">
         </TestPlanReference>
      </TestPlans>
      <Testables>
         <TestableReference
            skipped = "NO">
            <BuildableReference
               BuildableIdentifier = "primary"
               BlueprintIdentifier = "4DA25E022868D7610073A6E6"
               BuildableName = "UnitAndUITestAppTests.xctest"
               BlueprintName = "UnitAndUITestAppTests"
               ReferencedContainer = "container:UnitAndUITestApp.xcodeproj">
            </BuildableReference>
         </TestableReference>
         <TestableReference
            skipped = "NO">
            <BuildableReference
               BuildableIdentifier = "primary"
               BlueprintIdentifier = "4DA25E0C2868D7610073A6E6"
               BuildableName = "UnitAndUITestAppUITests.xctest"
               BlueprintName = "UnitAndUITestAppUITests"
               ReferencedContainer = "container:UnitAndUITestApp.xcodeproj">
            </BuildableReference>
         </TestableReference>
      </Testables>
   </TestAction>
   <LaunchAction
      buildConfiguration = "Debug"
      selectedDebuggerIdentifier = "Xcode.DebuggerFoundation.Debugger.LLDB"
      selectedLauncherIdentifier = "Xcode.DebuggerFoundation.Launcher.LLDB"
      launchStyle = "0"
      useCustomWorkingDirectory = "NO"
      ignoresPersistentStateOnLaunch = "NO"
      debugDocumentVersioning = "YES"
      debugServiceExtension = "internal"
      allowLocationSimulation = "YES">
      <BuildableProductRunnable
         runnableDebuggingMode = "0">
         <BuildableReference
            BuildableIdentifier = "primary"
            BlueprintIdentifier = "4DA25DEC2868D75F0073A6E6"
            BuildableName = "UnitAndUITestApp.app"
            BlueprintName = "UnitAndUITestApp"
            ReferencedContainer = "container:UnitAndUITestApp.xcodeproj">
         </BuildableReference>
      </BuildableProductRunnable>
   </LaunchAction>
   <ProfileAction
      buildConfiguration = "Release"
      shouldUseLaunchSchemeArgsEnv = "YES"
      savedToolIdentifier = ""
      useCustomWorkingDirectory = "NO"
      debugDocumentVersioning = "YES">
      <BuildableProductRunnable
         runnableDebuggingMode = "0">
         <BuildableReference
            BuildableIdentifier = "primary"
            BlueprintIdentifier = "4DA25DEC2868D75F0073A6E6"
            BuildableName = "UnitAndUITestApp.app"
            BlueprintName = "UnitAndUITestApp"
            ReferencedContainer = "container:UnitAndUITestApp.xcodeproj">
         </BuildableReference>
      </BuildableProductRunnable>
   </ProfileAction>
   <AnalyzeAction
      buildConfiguration = "Debug">
   </AnalyzeAction>
   <ArchiveAction
      buildConfiguration = "Release"
      revealArchiveInOrganizer = "YES">
   </ArchiveAction>
</Scheme>
